
Microsoft Visual Studio Solution File, Format Version 11.00
# Visual Studio 2010
Project("{FAE04EC0-301F-11D3-BF4B-00C04F79EFBC}") = "Assembly-CSharp", "Assembly-CSharp.csproj", "{3EDC2E5B-0E5B-C716-B71B-55042F66C272}"
EndProject
Project("{FAE04EC0-301F-11D3-BF4B-00C04F79EFBC}") = "Assembly-CSharp-Editor", "Assembly-CSharp-Editor.csproj", "{79486581-A35E-D2CA-D4C2-C76393442AEF}"
EndProject
Global
	GlobalSection(SolutionConfigurationPlatforms) = preSolution
		Debug|Any CPU = Debug|Any CPU
		Release|Any CPU = Release|Any CPU
	EndGlobalSection
	GlobalSection(ProjectConfigurationPlatforms) = postSolution
		{3EDC2E5B-0E5B-C716-B71B-55042F66C272}.Debug|Any CPU.ActiveCfg = Debug|Any CPU
		{3EDC2E5B-0E5B-C716-B71B-55042F66C272}.Debug|Any CPU.Build.0 = Debug|Any CPU
		{3EDC2E5B-0E5B-C716-B71B-55042F66C272}.Release|Any CPU.ActiveCfg = Release|Any CPU
		{3EDC2E5B-0E5B-C716-B71B-55042F66C272}.Release|Any CPU.Build.0 = Release|Any CPU
		{79486581-A35E-D2CA-D4C2-C76393442AEF}.Debug|Any CPU.ActiveCfg = Debug|Any CPU
		{79486581-A35E-D2CA-D4C2-C76393442AEF}.Debug|Any CPU.Build.0 = Debug|Any CPU
		{79486581-A35E-D2CA-D4C2-C76393442AEF}.Release|Any CPU.ActiveCfg = Release|Any CPU
		{79486581-A35E-D2CA-D4C2-C76393442AEF}.Release|Any CPU.Build.0 = Release|Any CPU
	EndGlobalSection
	GlobalSection(SolutionProperties) = preSolution
		HideSolutionNode = FALSE
	EndGlobalSection
	GlobalSection(MonoDevelopProperties) = preSolution
		StartupItem = Assembly-CSharp.csproj
	EndGlobalSection
EndGlobal
